
Microsoft Visual Studio Solution File, Format Version 12.00
# Visual Studio 15
VisualStudioVersion = 15.0.27130.2026
MinimumVisualStudioVersion = 10.0.40219.1
Project("{FAE04EC0-301F-11D3-BF4B-00C04F79EFBC}") = "MyWebsite4", "MyWebsite4\MyWebsite4.csproj", "{52932867-9A58-4809-A456-D4B9D0CFF573}"
EndProject
Global
	GlobalSection(SolutionConfigurationPlatforms) = preSolution
		Debug|Any CPU = Debug|Any CPU
		Release|Any CPU = Release|Any CPU
	EndGlobalSection
	GlobalSection(ProjectConfigurationPlatforms) = postSolution
		{52932867-9A58-4809-A456-D4B9D0CFF573}.Debug|Any CPU.ActiveCfg = Debug|Any CPU
		{52932867-9A58-4809-A456-D4B9D0CFF573}.Debug|Any CPU.Build.0 = Debug|Any CPU
		{52932867-9A58-4809-A456-D4B9D0CFF573}.Release|Any CPU.ActiveCfg = Release|Any CPU
		{52932867-9A58-4809-A456-D4B9D0CFF573}.Release|Any CPU.Build.0 = Release|Any CPU
	EndGlobalSection
	GlobalSection(SolutionProperties) = preSolution
		HideSolutionNode = FALSE
	EndGlobalSection
	GlobalSection(ExtensibilityGlobals) = postSolution
		SolutionGuid = {A0A825B1-7D98-4068-9BB8-DD52E73202DC}
	EndGlobalSection
EndGlobal
